
Microsoft Visual Studio Solution File, Format Version 12.00
# Visual Studio Version 17
VisualStudioVersion = 17.4.33213.308
MinimumVisualStudioVersion = 10.0.40219.1
Project("{FAE04EC0-301F-11D3-BF4B-00C04F79EFBC}") = "MvcProjeKampi", "MvcProjeKampi\MvcProjeKampi.csproj", "{511BBC49-040C-42CD-B2CC-E35BFC2C5815}"
EndProject
Project("{FAE04EC0-301F-11D3-BF4B-00C04F79EFBC}") = "EntityLayer", "EntityLayer\EntityLayer.csproj", "{B85F3F61-0AC9-4547-8F0D-809FE01E4374}"
EndProject
Project("{FAE04EC0-301F-11D3-BF4B-00C04F79EFBC}") = "DataAccesLayer", "DataAccesLayer\DataAccesLayer.csproj", "{62BF699C-7299-4102-9ACE-DED9F246EDC8}"
EndProject
Project("{FAE04EC0-301F-11D3-BF4B-00C04F79EFBC}") = "BusinessLayer", "BusinessLayer\BusinessLayer.csproj", "{A13F4799-E8CF-4B27-80B7-A5E392EF1948}"
EndProject
Global
	GlobalSection(SolutionConfigurationPlatforms) = preSolution
		Debug|Any CPU = Debug|Any CPU
		Release|Any CPU = Release|Any CPU
	EndGlobalSection
	GlobalSection(ProjectConfigurationPlatforms) = postSolution
		{511BBC49-040C-42CD-B2CC-E35BFC2C5815}.Debug|Any CPU.ActiveCfg = Debug|Any CPU
		{511BBC49-040C-42CD-B2CC-E35BFC2C5815}.Debug|Any CPU.Build.0 = Debug|Any CPU
		{511BBC49-040C-42CD-B2CC-E35BFC2C5815}.Release|Any CPU.ActiveCfg = Release|Any CPU
		{511BBC49-040C-42CD-B2CC-E35BFC2C5815}.Release|Any CPU.Build.0 = Release|Any CPU
		{B85F3F61-0AC9-4547-8F0D-809FE01E4374}.Debug|Any CPU.ActiveCfg = Debug|Any CPU
		{B85F3F61-0AC9-4547-8F0D-809FE01E4374}.Debug|Any CPU.Build.0 = Debug|Any CPU
		{B85F3F61-0AC9-4547-8F0D-809FE01E4374}.Release|Any CPU.ActiveCfg = Release|Any CPU
		{B85F3F61-0AC9-4547-8F0D-809FE01E4374}.Release|Any CPU.Build.0 = Release|Any CPU
		{62BF699C-7299-4102-9ACE-DED9F246EDC8}.Debug|Any CPU.ActiveCfg = Debug|Any CPU
		{62BF699C-7299-4102-9ACE-DED9F246EDC8}.Debug|Any CPU.Build.0 = Debug|Any CPU
		{62BF699C-7299-4102-9ACE-DED9F246EDC8}.Release|Any CPU.ActiveCfg = Release|Any CPU
		{62BF699C-7299-4102-9ACE-DED9F246EDC8}.Release|Any CPU.Build.0 = Release|Any CPU
		{A13F4799-E8CF-4B27-80B7-A5E392EF1948}.Debug|Any CPU.ActiveCfg = Debug|Any CPU
		{A13F4799-E8CF-4B27-80B7-A5E392EF1948}.Debug|Any CPU.Build.0 = Debug|Any CPU
		{A13F4799-E8CF-4B27-80B7-A5E392EF1948}.Release|Any CPU.ActiveCfg = Release|Any CPU
		{A13F4799-E8CF-4B27-80B7-A5E392EF1948}.Release|Any CPU.Build.0 = Release|Any CPU
	EndGlobalSection
	GlobalSection(SolutionProperties) = preSolution
		HideSolutionNode = FALSE
	EndGlobalSection
	GlobalSection(ExtensibilityGlobals) = postSolution
		SolutionGuid = {08001562-BEEE-43E7-93A0-8B1813CDCAF7}
	EndGlobalSection
EndGlobal
